
Microsoft Visual Studio Solution File, Format Version 12.00
# Visual Studio Version 17
VisualStudioVersion = 17.7.34018.315
MinimumVisualStudioVersion = 10.0.40219.1
Project("{FAE04EC0-301F-11D3-BF4B-00C04F79EFBC}") = "WebAPI", "OAPDISBackend\WebAPI\WebAPI.csproj", "{B790D251-18F5-4242-B08C-F5F50EBCF1B5}"
EndProject
Project("{FAE04EC0-301F-11D3-BF4B-00C04F79EFBC}") = "Business", "OAPDISBackend\Business\Business.csproj", "{5F9CD947-E8DA-4CEB-9708-C0E5975B2F32}"
EndProject
Project("{FAE04EC0-301F-11D3-BF4B-00C04F79EFBC}") = "DataAccess", "OAPDISBackend\DataAccess\DataAccess.csproj", "{51EEDD50-8555-4B74-9490-3AD631FD4796}"
EndProject
Project("{FAE04EC0-301F-11D3-BF4B-00C04F79EFBC}") = "Core", "OAPDISBackend\Core\Core.csproj", "{D4A9DFE2-7F82-4EF9-B202-2503E236F297}"
EndProject
Project("{FAE04EC0-301F-11D3-BF4B-00C04F79EFBC}") = "Entities", "OAPDISBackend\Entities\Entities.csproj", "{EBA825AF-C6BB-4088-A825-6739D331DC01}"
EndProject
Global
	GlobalSection(SolutionConfigurationPlatforms) = preSolution
		Debug|Any CPU = Debug|Any CPU
		Release|Any CPU = Release|Any CPU
	EndGlobalSection
	GlobalSection(ProjectConfigurationPlatforms) = postSolution
		{B790D251-18F5-4242-B08C-F5F50EBCF1B5}.Debug|Any CPU.ActiveCfg = Debug|Any CPU
		{B790D251-18F5-4242-B08C-F5F50EBCF1B5}.Debug|Any CPU.Build.0 = Debug|Any CPU
		{B790D251-18F5-4242-B08C-F5F50EBCF1B5}.Release|Any CPU.ActiveCfg = Release|Any CPU
		{B790D251-18F5-4242-B08C-F5F50EBCF1B5}.Release|Any CPU.Build.0 = Release|Any CPU
		{5F9CD947-E8DA-4CEB-9708-C0E5975B2F32}.Debug|Any CPU.ActiveCfg = Debug|Any CPU
		{5F9CD947-E8DA-4CEB-9708-C0E5975B2F32}.Debug|Any CPU.Build.0 = Debug|Any CPU
		{5F9CD947-E8DA-4CEB-9708-C0E5975B2F32}.Release|Any CPU.ActiveCfg = Release|Any CPU
		{5F9CD947-E8DA-4CEB-9708-C0E5975B2F32}.Release|Any CPU.Build.0 = Release|Any CPU
		{51EEDD50-8555-4B74-9490-3AD631FD4796}.Debug|Any CPU.ActiveCfg = Debug|Any CPU
		{51EEDD50-8555-4B74-9490-3AD631FD4796}.Debug|Any CPU.Build.0 = Debug|Any CPU
		{51EEDD50-8555-4B74-9490-3AD631FD4796}.Release|Any CPU.ActiveCfg = Release|Any CPU
		{51EEDD50-8555-4B74-9490-3AD631FD4796}.Release|Any CPU.Build.0 = Release|Any CPU
		{D4A9DFE2-7F82-4EF9-B202-2503E236F297}.Debug|Any CPU.ActiveCfg = Debug|Any CPU
		{D4A9DFE2-7F82-4EF9-B202-2503E236F297}.Debug|Any CPU.Build.0 = Debug|Any CPU
		{D4A9DFE2-7F82-4EF9-B202-2503E236F297}.Release|Any CPU.ActiveCfg = Release|Any CPU
		{D4A9DFE2-7F82-4EF9-B202-2503E236F297}.Release|Any CPU.Build.0 = Release|Any CPU
		{EBA825AF-C6BB-4088-A825-6739D331DC01}.Debug|Any CPU.ActiveCfg = Debug|Any CPU
		{EBA825AF-C6BB-4088-A825-6739D331DC01}.Debug|Any CPU.Build.0 = Debug|Any CPU
		{EBA825AF-C6BB-4088-A825-6739D331DC01}.Release|Any CPU.ActiveCfg = Release|Any CPU
		{EBA825AF-C6BB-4088-A825-6739D331DC01}.Release|Any CPU.Build.0 = Release|Any CPU
	EndGlobalSection
	GlobalSection(SolutionProperties) = preSolution
		HideSolutionNode = FALSE
	EndGlobalSection
	GlobalSection(ExtensibilityGlobals) = postSolution
		SolutionGuid = {444C3C92-20DA-4DE4-86F7-50BA5E129691}
	EndGlobalSection
EndGlobal
